
Microsoft Visual Studio Solution File, Format Version 12.00
# Visual Studio Version 16
VisualStudioVersion = 16.0.31424.327
MinimumVisualStudioVersion = 10.0.40219.1
Project("{FAE04EC0-301F-11D3-BF4B-00C04F79EFBC}") = "VisualProject", "VisualProject\VisualProject.csproj", "{70CB9E0D-6696-4173-9E29-9A2FEAB90DC5}"
EndProject
Global
	GlobalSection(SolutionConfigurationPlatforms) = preSolution
		Debug|Any CPU = Debug|Any CPU
		Release|Any CPU = Release|Any CPU
	EndGlobalSection
	GlobalSection(ProjectConfigurationPlatforms) = postSolution
		{70CB9E0D-6696-4173-9E29-9A2FEAB90DC5}.Debug|Any CPU.ActiveCfg = Debug|Any CPU
		{70CB9E0D-6696-4173-9E29-9A2FEAB90DC5}.Debug|Any CPU.Build.0 = Debug|Any CPU
		{70CB9E0D-6696-4173-9E29-9A2FEAB90DC5}.Release|Any CPU.ActiveCfg = Release|Any CPU
		{70CB9E0D-6696-4173-9E29-9A2FEAB90DC5}.Release|Any CPU.Build.0 = Release|Any CPU
	EndGlobalSection
	GlobalSection(SolutionProperties) = preSolution
		HideSolutionNode = FALSE
	EndGlobalSection
	GlobalSection(ExtensibilityGlobals) = postSolution
		SolutionGuid = {21C2961F-0954-4F75-A1E0-F0C7B2050D42}
	EndGlobalSection
EndGlobal
